
Microsoft Visual Studio Solution File, Format Version 11.00
# Visual Studio 2010
Project("{FAE04EC0-301F-11D3-BF4B-00C04F79EFBC}") = "TrojanServer", "TrojanServer\TrojanServer.csproj", "{ECEF5836-085D-427D-8526-2FF0ACD13FBD}"
EndProject
Global
	GlobalSection(SolutionConfigurationPlatforms) = preSolution
		Debug|x86 = Debug|x86
		Release|x86 = Release|x86
	EndGlobalSection
	GlobalSection(ProjectConfigurationPlatforms) = postSolution
		{ECEF5836-085D-427D-8526-2FF0ACD13FBD}.Debug|x86.ActiveCfg = Debug|x86
		{ECEF5836-085D-427D-8526-2FF0ACD13FBD}.Debug|x86.Build.0 = Debug|x86
		{ECEF5836-085D-427D-8526-2FF0ACD13FBD}.Release|x86.ActiveCfg = Release|x86
		{ECEF5836-085D-427D-8526-2FF0ACD13FBD}.Release|x86.Build.0 = Release|x86
	EndGlobalSection
	GlobalSection(SolutionProperties) = preSolution
		HideSolutionNode = FALSE
	EndGlobalSection
EndGlobal
